# generated by rye
# use `rye lock` or `rye sync` to update this lockfile
#
# last locked with the following flags:
#   pre: false
#   features: []
#   all-features: false
#   with-sources: false
#   generate-hashes: false
#   universal: false

-e file:.
aiohttp==3.9.5
    # via discord-py
aiosignal==1.3.1
    # via aiohttp
attrs==23.2.0
    # via aiohttp
black==24.4.2
certifi==2024.7.4
    # via requests
cffi==1.16.0
    # via cryptography
charset-normalizer==3.3.2
    # via requests
click==8.1.7
    # via black
colorama==0.4.6
    # via click
    # via pytest
    # via tqdm
cryptography==42.0.8
decorator==4.4.2
    # via moviepy
discord==2.3.2
discord-py==2.4.0
    # via discord
easyocr==1.7.1
filelock==3.15.4
    # via torch
frozenlist==1.4.1
    # via aiohttp
    # via aiosignal
fsspec==2024.6.1
    # via torch
idna==3.7
    # via requests
    # via yarl
imageio==2.34.2
    # via moviepy
    # via scikit-image
imageio-ffmpeg==0.5.1
    # via moviepy
iniconfig==2.0.0
    # via pytest
intel-openmp==2021.4.0
    # via mkl
jaraco-classes==3.4.0
    # via keyring
jaraco-context==5.3.0
    # via keyring
jaraco-functools==4.0.1
    # via keyring
jinja2==3.1.4
    # via torch
keyring==25.2.1
lazy-loader==0.4
    # via scikit-image
markupsafe==2.1.5
    # via jinja2
mkl==2021.4.0
    # via torch
more-itertools==10.3.0
    # via jaraco-classes
    # via jaraco-functools
mouseinfo==0.1.3
    # via pyautogui
moviepy==1.0.3
mpmath==1.3.0
    # via sympy
multidict==6.0.5
    # via aiohttp
    # via yarl
mypy-extensions==1.0.0
    # via black
networkx==3.3
    # via scikit-image
    # via torch
ninja==1.11.1.1
    # via easyocr
numpy==1.26.4
    # via easyocr
    # via imageio
    # via moviepy
    # via opencv-python-headless
    # via scikit-image
    # via scipy
    # via shapely
    # via tifffile
    # via torchvision
opencv-python-headless==4.10.0.84
    # via easyocr
orjson==3.10.6
packaging==24.1
    # via black
    # via lazy-loader
    # via pytest
    # via scikit-image
pathspec==0.12.1
    # via black
pillow==10.4.0
    # via easyocr
    # via imageio
    # via scikit-image
    # via torchvision
platformdirs==4.2.2
    # via black
pluggy==1.5.0
    # via pytest
proglog==0.1.10
    # via moviepy
psutil==5.9.8
pyautogui==0.9.54
pyclipper==1.3.0.post5
    # via easyocr
pycparser==2.22
    # via cffi
pygetwindow==0.0.9
    # via pyautogui
pymsgbox==1.0.9
    # via pyautogui
pyperclip==1.9.0
    # via mouseinfo
pyrect==0.2.0
    # via pygetwindow
pyscreeze==0.1.30
    # via pyautogui
pytest==8.2.2
python-bidi==0.4.2
    # via easyocr
pytweening==1.2.0
    # via pyautogui
pywin32==306
pywin32-ctypes==0.2.2
    # via keyring
pyyaml==6.0.1
    # via easyocr
rapidfuzz==3.9.4
    # via thefuzz
requests==2.32.3
    # via moviepy
scikit-image==0.24.0
    # via easyocr
scipy==1.14.0
    # via easyocr
    # via scikit-image
screeninfo==0.8.1
setuptools==70.2.0
    # via imageio-ffmpeg
shapely==2.0.4
    # via easyocr
six==1.16.0
    # via python-bidi
sympy==1.12.1
    # via torch
tbb==2021.13.0
    # via mkl
thefuzz==0.22.1
tifffile==2024.7.2
    # via scikit-image
toml==0.10.2
torch==2.3.1
    # via easyocr
    # via torchvision
torchvision==0.18.1
    # via easyocr
tqdm==4.66.4
    # via moviepy
    # via proglog
typing-extensions==4.12.2
    # via torch
urllib3==2.2.2
    # via requests
yarl==1.9.4
    # via aiohttp
