# generated by rye
# use `rye lock` or `rye sync` to update this lockfile
#
# last locked with the following flags:
#   pre: false
#   features: []
#   all-features: false
#   with-sources: false
#   generate-hashes: false
#   universal: false

-e file:.
certifi==2024.7.4
    # via requests
charset-normalizer==3.3.2
    # via requests
colorama==0.4.6
    # via tqdm
decorator==4.4.2
    # via moviepy
idna==3.7
    # via requests
imageio==2.34.2
    # via moviepy
imageio-ffmpeg==0.5.1
    # via moviepy
moviepy==1.0.3
    # via zrcl
numpy==2.0.0
    # via imageio
    # via moviepy
pillow==10.4.0
    # via imageio
proglog==0.1.10
    # via moviepy
requests==2.32.3
    # via moviepy
    # via zrcl
setuptools==70.2.0
    # via imageio-ffmpeg
tqdm==4.66.4
    # via moviepy
    # via proglog
urllib3==2.2.2
    # via requests
